
Microsoft Visual Studio Solution File, Format Version 12.00
# Visual Studio Version 17
VisualStudioVersion = 17.0.31903.59
MinimumVisualStudioVersion = 10.0.40219.1
Project("{2150E333-8FDC-42A3-9474-1A3956D46DE8}") = "src", "src", "{827E0CD3-B72D-47B6-A68D-7590B98EB39B}"
EndProject
Project("{FAE04EC0-301F-11D3-BF4B-00C04F79EFBC}") = "Acorn.Core", "src\Acorn.Core\Acorn.Core.csproj", "{3A91B0A9-5D46-4DF4-A9EF-161A0E703691}"
EndProject
Project("{FAE04EC0-301F-11D3-BF4B-00C04F79EFBC}") = "Acorn.Application", "src\Acorn.Application\Acorn.Application.csproj", "{AEF32A6A-571D-4C08-AEF3-8361B51B7F53}"
EndProject
Project("{2150E333-8FDC-42A3-9474-1A3956D46DE8}") = "tests", "tests", "{0AB3BF05-4346-4AA6-1389-037BE0695223}"
EndProject
Project("{FAE04EC0-301F-11D3-BF4B-00C04F79EFBC}") = "Acorn.Core.Tests", "tests\Acorn.Core.Tests\Acorn.Core.Tests.csproj", "{5B8E9B1C-7A71-4F1E-82AC-67FD085C57A3}"
EndProject
Project("{2150E333-8FDC-42A3-9474-1A3956D46DE8}") = "tools", "tools", "{07C2787E-EAC7-C090-1BA3-A61EC2A24D84}"
EndProject
Project("{FAE04EC0-301F-11D3-BF4B-00C04F79EFBC}") = "Acorn.KdfBenchmark", "tools\Acorn.KdfBenchmark\Acorn.KdfBenchmark.csproj", "{5D68C696-FF5D-443D-B0FF-80EA0037C2A4}"
EndProject
Project("{FAE04EC0-301F-11D3-BF4B-00C04F79EFBC}") = "Acorn.Application.Tests", "tests\Acorn.Application.Tests\Acorn.Application.Tests.csproj", "{6D4450C5-BCA4-499F-9EBD-6F773047A87A}"
EndProject
Project("{FAE04EC0-301F-11D3-BF4B-00C04F79EFBC}") = "Acorn.App", "src\Acorn.App\Acorn.App.csproj", "{AFC9245F-42B9-4722-8862-F7351743902B}"
EndProject
Global
	GlobalSection(SolutionConfigurationPlatforms) = preSolution
		Debug|Any CPU = Debug|Any CPU
		Debug|x64 = Debug|x64
		Debug|x86 = Debug|x86
		Release|Any CPU = Release|Any CPU
		Release|x64 = Release|x64
		Release|x86 = Release|x86
	EndGlobalSection
	GlobalSection(ProjectConfigurationPlatforms) = postSolution
		{3A91B0A9-5D46-4DF4-A9EF-161A0E703691}.Debug|Any CPU.ActiveCfg = Debug|Any CPU
		{3A91B0A9-5D46-4DF4-A9EF-161A0E703691}.Debug|Any CPU.Build.0 = Debug|Any CPU
		{3A91B0A9-5D46-4DF4-A9EF-161A0E703691}.Debug|x64.ActiveCfg = Debug|Any CPU
		{3A91B0A9-5D46-4DF4-A9EF-161A0E703691}.Debug|x64.Build.0 = Debug|Any CPU
		{3A91B0A9-5D46-4DF4-A9EF-161A0E703691}.Debug|x86.ActiveCfg = Debug|Any CPU
		{3A91B0A9-5D46-4DF4-A9EF-161A0E703691}.Debug|x86.Build.0 = Debug|Any CPU
		{3A91B0A9-5D46-4DF4-A9EF-161A0E703691}.Release|Any CPU.ActiveCfg = Release|Any CPU
		{3A91B0A9-5D46-4DF4-A9EF-161A0E703691}.Release|Any CPU.Build.0 = Release|Any CPU
		{3A91B0A9-5D46-4DF4-A9EF-161A0E703691}.Release|x64.ActiveCfg = Release|Any CPU
		{3A91B0A9-5D46-4DF4-A9EF-161A0E703691}.Release|x64.Build.0 = Release|Any CPU
		{3A91B0A9-5D46-4DF4-A9EF-161A0E703691}.Release|x86.ActiveCfg = Release|Any CPU
		{3A91B0A9-5D46-4DF4-A9EF-161A0E703691}.Release|x86.Build.0 = Release|Any CPU
		{AEF32A6A-571D-4C08-AEF3-8361B51B7F53}.Debug|Any CPU.ActiveCfg = Debug|Any CPU
		{AEF32A6A-571D-4C08-AEF3-8361B51B7F53}.Debug|Any CPU.Build.0 = Debug|Any CPU
		{AEF32A6A-571D-4C08-AEF3-8361B51B7F53}.Debug|x64.ActiveCfg = Debug|Any CPU
		{AEF32A6A-571D-4C08-AEF3-8361B51B7F53}.Debug|x64.Build.0 = Debug|Any CPU
		{AEF32A6A-571D-4C08-AEF3-8361B51B7F53}.Debug|x86.ActiveCfg = Debug|Any CPU
		{AEF32A6A-571D-4C08-AEF3-8361B51B7F53}.Debug|x86.Build.0 = Debug|Any CPU
		{AEF32A6A-571D-4C08-AEF3-8361B51B7F53}.Release|Any CPU.ActiveCfg = Release|Any CPU
		{AEF32A6A-571D-4C08-AEF3-8361B51B7F53}.Release|Any CPU.Build.0 = Release|Any CPU
		{AEF32A6A-571D-4C08-AEF3-8361B51B7F53}.Release|x64.ActiveCfg = Release|Any CPU
		{AEF32A6A-571D-4C08-AEF3-8361B51B7F53}.Release|x64.Build.0 = Release|Any CPU
		{AEF32A6A-571D-4C08-AEF3-8361B51B7F53}.Release|x86.ActiveCfg = Release|Any CPU
		{AEF32A6A-571D-4C08-AEF3-8361B51B7F53}.Release|x86.Build.0 = Release|Any CPU
		{5B8E9B1C-7A71-4F1E-82AC-67FD085C57A3}.Debug|Any CPU.ActiveCfg = Debug|Any CPU
		{5B8E9B1C-7A71-4F1E-82AC-67FD085C57A3}.Debug|Any CPU.Build.0 = Debug|Any CPU
		{5B8E9B1C-7A71-4F1E-82AC-67FD085C57A3}.Debug|x64.ActiveCfg = Debug|Any CPU
		{5B8E9B1C-7A71-4F1E-82AC-67FD085C57A3}.Debug|x64.Build.0 = Debug|Any CPU
		{5B8E9B1C-7A71-4F1E-82AC-67FD085C57A3}.Debug|x86.ActiveCfg = Debug|Any CPU
		{5B8E9B1C-7A71-4F1E-82AC-67FD085C57A3}.Debug|x86.Build.0 = Debug|Any CPU
		{5B8E9B1C-7A71-4F1E-82AC-67FD085C57A3}.Release|Any CPU.ActiveCfg = Release|Any CPU
		{5B8E9B1C-7A71-4F1E-82AC-67FD085C57A3}.Release|Any CPU.Build.0 = Release|Any CPU
		{5B8E9B1C-7A71-4F1E-82AC-67FD085C57A3}.Release|x64.ActiveCfg = Release|Any CPU
		{5B8E9B1C-7A71-4F1E-82AC-67FD085C57A3}.Release|x64.Build.0 = Release|Any CPU
		{5B8E9B1C-7A71-4F1E-82AC-67FD085C57A3}.Release|x86.ActiveCfg = Release|Any CPU
		{5B8E9B1C-7A71-4F1E-82AC-67FD085C57A3}.Release|x86.Build.0 = Release|Any CPU
		{5D68C696-FF5D-443D-B0FF-80EA0037C2A4}.Debug|Any CPU.ActiveCfg = Debug|Any CPU
		{5D68C696-FF5D-443D-B0FF-80EA0037C2A4}.Debug|Any CPU.Build.0 = Debug|Any CPU
		{5D68C696-FF5D-443D-B0FF-80EA0037C2A4}.Debug|x64.ActiveCfg = Debug|Any CPU
		{5D68C696-FF5D-443D-B0FF-80EA0037C2A4}.Debug|x64.Build.0 = Debug|Any CPU
		{5D68C696-FF5D-443D-B0FF-80EA0037C2A4}.Debug|x86.ActiveCfg = Debug|Any CPU
		{5D68C696-FF5D-443D-B0FF-80EA0037C2A4}.Debug|x86.Build.0 = Debug|Any CPU
		{5D68C696-FF5D-443D-B0FF-80EA0037C2A4}.Release|Any CPU.ActiveCfg = Release|Any CPU
		{5D68C696-FF5D-443D-B0FF-80EA0037C2A4}.Release|Any CPU.Build.0 = Release|Any CPU
		{5D68C696-FF5D-443D-B0FF-80EA0037C2A4}.Release|x64.ActiveCfg = Release|Any CPU
		{5D68C696-FF5D-443D-B0FF-80EA0037C2A4}.Release|x64.Build.0 = Release|Any CPU
		{5D68C696-FF5D-443D-B0FF-80EA0037C2A4}.Release|x86.ActiveCfg = Release|Any CPU
		{5D68C696-FF5D-443D-B0FF-80EA0037C2A4}.Release|x86.Build.0 = Release|Any CPU
		{6D4450C5-BCA4-499F-9EBD-6F773047A87A}.Debug|Any CPU.ActiveCfg = Debug|Any CPU
		{6D4450C5-BCA4-499F-9EBD-6F773047A87A}.Debug|Any CPU.Build.0 = Debug|Any CPU
		{6D4450C5-BCA4-499F-9EBD-6F773047A87A}.Debug|x64.ActiveCfg = Debug|Any CPU
		{6D4450C5-BCA4-499F-9EBD-6F773047A87A}.Debug|x64.Build.0 = Debug|Any CPU
		{6D4450C5-BCA4-499F-9EBD-6F773047A87A}.Debug|x86.ActiveCfg = Debug|Any CPU
		{6D4450C5-BCA4-499F-9EBD-6F773047A87A}.Debug|x86.Build.0 = Debug|Any CPU
		{6D4450C5-BCA4-499F-9EBD-6F773047A87A}.Release|Any CPU.ActiveCfg = Release|Any CPU
		{6D4450C5-BCA4-499F-9EBD-6F773047A87A}.Release|Any CPU.Build.0 = Release|Any CPU
		{6D4450C5-BCA4-499F-9EBD-6F773047A87A}.Release|x64.ActiveCfg = Release|Any CPU
		{6D4450C5-BCA4-499F-9EBD-6F773047A87A}.Release|x64.Build.0 = Release|Any CPU
		{6D4450C5-BCA4-499F-9EBD-6F773047A87A}.Release|x86.ActiveCfg = Release|Any CPU
		{6D4450C5-BCA4-499F-9EBD-6F773047A87A}.Release|x86.Build.0 = Release|Any CPU
		{AFC9245F-42B9-4722-8862-F7351743902B}.Debug|Any CPU.ActiveCfg = Debug|Any CPU
		{AFC9245F-42B9-4722-8862-F7351743902B}.Debug|Any CPU.Build.0 = Debug|Any CPU
		{AFC9245F-42B9-4722-8862-F7351743902B}.Debug|x64.ActiveCfg = Debug|Any CPU
		{AFC9245F-42B9-4722-8862-F7351743902B}.Debug|x64.Build.0 = Debug|Any CPU
		{AFC9245F-42B9-4722-8862-F7351743902B}.Debug|x86.ActiveCfg = Debug|Any CPU
		{AFC9245F-42B9-4722-8862-F7351743902B}.Debug|x86.Build.0 = Debug|Any CPU
		{AFC9245F-42B9-4722-8862-F7351743902B}.Release|Any CPU.ActiveCfg = Release|Any CPU
		{AFC9245F-42B9-4722-8862-F7351743902B}.Release|Any CPU.Build.0 = Release|Any CPU
		{AFC9245F-42B9-4722-8862-F7351743902B}.Release|x64.ActiveCfg = Release|Any CPU
		{AFC9245F-42B9-4722-8862-F7351743902B}.Release|x64.Build.0 = Release|Any CPU
		{AFC9245F-42B9-4722-8862-F7351743902B}.Release|x86.ActiveCfg = Release|Any CPU
		{AFC9245F-42B9-4722-8862-F7351743902B}.Release|x86.Build.0 = Release|Any CPU
	EndGlobalSection
	GlobalSection(SolutionProperties) = preSolution
		HideSolutionNode = FALSE
	EndGlobalSection
	GlobalSection(NestedProjects) = preSolution
		{3A91B0A9-5D46-4DF4-A9EF-161A0E703691} = {827E0CD3-B72D-47B6-A68D-7590B98EB39B}
		{AEF32A6A-571D-4C08-AEF3-8361B51B7F53} = {827E0CD3-B72D-47B6-A68D-7590B98EB39B}
		{5B8E9B1C-7A71-4F1E-82AC-67FD085C57A3} = {0AB3BF05-4346-4AA6-1389-037BE0695223}
		{5D68C696-FF5D-443D-B0FF-80EA0037C2A4} = {07C2787E-EAC7-C090-1BA3-A61EC2A24D84}
		{6D4450C5-BCA4-499F-9EBD-6F773047A87A} = {0AB3BF05-4346-4AA6-1389-037BE0695223}
		{AFC9245F-42B9-4722-8862-F7351743902B} = {827E0CD3-B72D-47B6-A68D-7590B98EB39B}
	EndGlobalSection
EndGlobal
